[root]
name = "dwarf_x86"
version = "0.1.0"
dependencies = [
 "dwarf 0.0.3 (git+https://github.com/philipc/rust-dwarf/)",
 "enum_primitive 0.1.1 (registry+https://github.com/rust-lang/crates.io-index)",
 "leb128 0.2.1 (registry+https://github.com/rust-lang/crates.io-index)",
]

[[package]]
name = "byteorder"
version = "0.5.3"
source = "registry+https://github.com/rust-lang/crates.io-index"

[[package]]
name = "dwarf"
version = "0.0.3"
source = "git+https://github.com/philipc/rust-dwarf/#c7175ee9e98c82c3081e44e5fbf8eca1de2db265"
dependencies = [
 "elf 0.0.9 (registry+https://github.com/rust-lang/crates.io-index)",
]

[[package]]
name = "elf"
version = "0.0.9"
source = "registry+https://github.com/rust-lang/crates.io-index"
dependencies = [
 "byteorder 0.5.3 (registry+https://github.com/rust-lang/crates.io-index)",
]

[[package]]
name = "enum_primitive"
version = "0.1.1"
source = "registry+https://github.com/rust-lang/crates.io-index"
dependencies = [
 "num-traits 0.1.40 (registry+https://github.com/rust-lang/crates.io-index)",
]

[[package]]
name = "leb128"
version = "0.2.1"
source = "registry+https://github.com/rust-lang/crates.io-index"

[[package]]
name = "num-traits"
version = "0.1.40"
source = "registry+https://github.com/rust-lang/crates.io-index"

[metadata]
"checksum byteorder 0.5.3 (registry+https://github.com/rust-lang/crates.io-index)" = "0fc10e8cc6b2580fda3f36eb6dc5316657f812a3df879a44a66fc9f0fdbc4855"
"checksum dwarf 0.0.3 (git+https://github.com/philipc/rust-dwarf/)" = "<none>"
"checksum elf 0.0.9 (registry+https://github.com/rust-lang/crates.io-index)" = "4783a6b3216e433eb508e71f06a76195ba9017643b160d32d471b4397a79f84b"
"checksum enum_primitive 0.1.1 (registry+https://github.com/rust-lang/crates.io-index)" = "be4551092f4d519593039259a9ed8daedf0da12e5109c5280338073eaeb81180"
"checksum leb128 0.2.1 (registry+https://github.com/rust-lang/crates.io-index)" = "792224a73787e4b0f59e387e4f53d23dfc1d72e3c82fcbf6d3e14de6aabad212"
"checksum num-traits 0.1.40 (registry+https://github.com/rust-lang/crates.io-index)" = "99843c856d68d8b4313b03a17e33c4bb42ae8f6610ea81b28abe076ac721b9b0"
